
Microsoft Visual Studio Solution File, Format Version 12.00
# Visual Studio 15
VisualStudioVersion = 15.0.27428.2015
MinimumVisualStudioVersion = 10.0.40219.1
Project("{9092AA53-FB77-4645-B42D-1CCCA6BD08BD}") = "ReactPOC API", "ReactPOC API\ReactPOC API.njsproj", "{70575F53-5E82-4606-A061-C087F139F708}"
EndProject
Global
	GlobalSection(SolutionConfigurationPlatforms) = preSolution
		Debug|Any CPU = Debug|Any CPU
		Release|Any CPU = Release|Any CPU
	EndGlobalSection
	GlobalSection(ProjectConfigurationPlatforms) = postSolution
		{70575F53-5E82-4606-A061-C087F139F708}.Debug|Any CPU.ActiveCfg = Debug|Any CPU
		{70575F53-5E82-4606-A061-C087F139F708}.Debug|Any CPU.Build.0 = Debug|Any CPU
		{70575F53-5E82-4606-A061-C087F139F708}.Release|Any CPU.ActiveCfg = Release|Any CPU
		{70575F53-5E82-4606-A061-C087F139F708}.Release|Any CPU.Build.0 = Release|Any CPU
	EndGlobalSection
	GlobalSection(SolutionProperties) = preSolution
		HideSolutionNode = FALSE
	EndGlobalSection
	GlobalSection(ExtensibilityGlobals) = postSolution
		SolutionGuid = {E197EC21-A40A-401B-B6F4-4E8FAAC85DF0}
	EndGlobalSection
EndGlobal
